PODS:
  - Expecta (0.3.2)
  - FMDB/common (2.5)
  - FMDB/standard (2.5):
    - FMDB/common
  - FMDBMigrationManager (1.3.1):
    - FMDB/common (~> 2.3)

DEPENDENCIES:
  - Expecta (~> 0.3.0)
  - FMDB/standard
  - FMDBMigrationManager (from `.`)

EXTERNAL SOURCES:
  FMDBMigrationManager:
    :path: .

SPEC CHECKSUMS:
  Expecta: ee641011fe10aa1855d487b40e4976dac50ec342
  FMDB: 0efa188cf0dd1ce82c27a478cd5f5fa245308677
  FMDBMigrationManager: e23a5aad03c9c9726910de151d287aafe0d70c6e

COCOAPODS: 0.36.0.beta.1
